<Solution>
  <Folder Name="/examples/">
    <Project Path="examples/Basic/Basic.csproj" />
  </Folder>
  <Folder Name="/src/">
    <Project Path="src/Llmleaf.Client.csproj" />
  </Folder>
  <Folder Name="/tests/">
    <Project Path="tests/Llmleaf.Client.Tests/Llmleaf.Client.Tests.csproj" />
  </Folder>
</Solution>
